// !$*UTF8*$!
{
	archiveVersion = 1;
	classes = {
	};
	objectVersion = 56;
	objects = {

/* Begin PBXBuildFile section */
		AD0434962A16A16A00ADA140 /* Contact.swift in Sources */ = {isa = PBXBuildFile; fileRef = AD0434952A16A16A00ADA140 /* Contact.swift */; };
		AD3EF8472A16B03800852217 /* ContactsProvider.swift in Sources */ = {isa = PBXBuildFile; fileRef = AD3EF8462A16B03800852217 /* ContactsProvider.swift */; };
		AD3EF8492A16B47C00852217 /* ContactRowView.swift in Sources */ = {isa = PBXBuildFile; fileRef = AD3EF8482A16B47C00852217 /* ContactRowView.swift */; };
		AD3EF84C2A16B50400852217 /* ContactDetailView.swift in Sources */ = {isa = PBXBuildFile; fileRef = AD3EF84B2A16B50400852217 /* ContactDetailView.swift */; };
		AD3EF84E2A16BB1300852217 /* CreateContentView.swift in Sources */ = {isa = PBXBuildFile; fileRef = AD3EF84D2A16BB1300852217 /* CreateContentView.swift */; };
		AD3EF8512A16BEA600852217 /* EditContactViewModel.swift in Sources */ = {isa = PBXBuildFile; fileRef = AD3EF8502A16BEA600852217 /* EditContactViewModel.swift */; };
		AD3EF8532A192D6000852217 /* NoContactsView.swift in Sources */ = {isa = PBXBuildFile; fileRef = AD3EF8522A192D6000852217 /* NoContactsView.swift */; };
		ADA10D7D2A153F0000A45185 /* MyRideOrDieApp.swift in Sources */ = {isa = PBXBuildFile; fileRef = ADA10D7C2A153F0000A45185 /* MyRideOrDieApp.swift */; };
		ADA10D7F2A153F0000A45185 /* ContentView.swift in Sources */ = {isa = PBXBuildFile; fileRef = ADA10D7E2A153F0000A45185 /* ContentView.swift */; };
		ADA10D812A153F0100A45185 /* Assets.xcassets in Resources */ = {isa = PBXBuildFile; fileRef = ADA10D802A153F0100A45185 /* Assets.xcassets */; };
		ADA10D852A153F0100A45185 /* Preview Assets.xcassets in Resources */ = {isa = PBXBuildFile; fileRef = ADA10D842A153F0100A45185 /* Preview Assets.xcassets */; };
		ADA10D8D2A153F8C00A45185 /* ContactsDataModel.xcdatamodeld in Sources */ = {isa = PBXBuildFile; fileRef = ADA10D8B2A153F8C00A45185 /* ContactsDataModel.xcdatamodeld */; };
/* End PBXBuildFile section */

/* Begin PBXFileReference section */
		AD0434952A16A16A00ADA140 /* Contact.swift */ = {isa = PBXFileReference; lastKnownFileType = sourcecode.swift; path = Contact.swift; sourceTree = "<group>"; };
		AD3EF8462A16B03800852217 /* ContactsProvider.swift */ = {isa = PBXFileReference; lastKnownFileType = sourcecode.swift; path = ContactsProvider.swift; sourceTree = "<group>"; };
		AD3EF8482A16B47C00852217 /* ContactRowView.swift */ = {isa = PBXFileReference; lastKnownFileType = sourcecode.swift; path = ContactRowView.swift; sourceTree = "<group>"; };
		AD3EF84B2A16B50400852217 /* ContactDetailView.swift */ = {isa = PBXFileReference; lastKnownFileType = sourcecode.swift; path = ContactDetailView.swift; sourceTree = "<group>"; };
		AD3EF84D2A16BB1300852217 /* CreateContentView.swift */ = {isa = PBXFileReference; lastKnownFileType = sourcecode.swift; path = CreateContentView.swift; sourceTree = "<group>"; };
		AD3EF8502A16BEA600852217 /* EditContactViewModel.swift */ = {isa = PBXFileReference; lastKnownFileType = sourcecode.swift; path = EditContactViewModel.swift; sourceTree = "<group>"; };
		AD3EF8522A192D6000852217 /* NoContactsView.swift */ = {isa = PBXFileReference; lastKnownFileType = sourcecode.swift; path = NoContactsView.swift; sourceTree = "<group>"; };
		ADA10D792A153F0000A45185 /* MyRideOrDie.app */ = {isa = PBXFileReference; explicitFileType = wrapper.application; includeInIndex = 0; path = MyRideOrDie.app; sourceTree = BUILT_PRODUCTS_DIR; };
		ADA10D7C2A153F0000A45185 /* MyRideOrDieApp.swift */ = {isa = PBXFileReference; lastKnownFileType = sourcecode.swift; path = MyRideOrDieApp.swift; sourceTree = "<group>"; };
		ADA10D7E2A153F0000A45185 /* ContentView.swift */ = {isa = PBXFileReference; lastKnownFileType = sourcecode.swift; path = ContentView.swift; sourceTree = "<group>"; };
		ADA10D802A153F0100A45185 /* Assets.xcassets */ = {isa = PBXFileReference; lastKnownFileType = folder.assetcatalog; path = Assets.xcassets; sourceTree = "<group>"; };
		ADA10D822A153F0100A45185 /* MyRideOrDie.entitlements */ = {isa = PBXFileReference; lastKnownFileType = text.plist.entitlements; path = MyRideOrDie.entitlements; sourceTree = "<group>"; };
		ADA10D842A153F0100A45185 /* Preview Assets.xcassets */ = {isa = PBXFileReference; lastKnownFileType = folder.assetcatalog; path = "Preview Assets.xcassets"; sourceTree = "<group>"; };
		ADA10D8C2A153F8C00A45185 /* ContactsDataModel.xcdatamodel */ = {isa = PBXFileReference; lastKnownFileType = wrapper.xcdatamodel; path = ContactsDataModel.xcdatamodel; sourceTree = "<group>"; };
/* End PBXFileReference section */

/* Begin PBXFrameworksBuildPhase section */
		ADA10D762A153F0000A45185 /* Frameworks */ = {
			isa = PBXFrameworksBuildPhase;
			buildActionMask = 2147483647;
			files = (
			);
			runOnlyForDeploymentPostprocessing = 0;
		};
/* End PBXFrameworksBuildPhase section */

/* Begin PBXGroup section */
		AD0434972A16A18900ADA140 /* Model */ = {
			isa = PBXGroup;
			children = (
				AD0434952A16A16A00ADA140 /* Contact.swift */,
			);
			path = Model;
			sourceTree = "<group>";
		};
		AD3EF8452A16B02B00852217 /* Provider */ = {
			isa = PBXGroup;
			children = (
				AD3EF8462A16B03800852217 /* ContactsProvider.swift */,
			);
			path = Provider;
			sourceTree = "<group>";
		};
		AD3EF84A2A16B4DD00852217 /* Views */ = {
			isa = PBXGroup;
			children = (
				AD3EF8482A16B47C00852217 /* ContactRowView.swift */,
				ADA10D7E2A153F0000A45185 /* ContentView.swift */,
				AD3EF84B2A16B50400852217 /* ContactDetailView.swift */,
				AD3EF8522A192D6000852217 /* NoContactsView.swift */,
			);
			path = Views;
			sourceTree = "<group>";
		};
		AD3EF84F2A16BE9400852217 /* Create */ = {
			isa = PBXGroup;
			children = (
				AD3EF8502A16BEA600852217 /* EditContactViewModel.swift */,
				AD3EF84D2A16BB1300852217 /* CreateContentView.swift */,
			);
			path = Create;
			sourceTree = "<group>";
		};
		ADA10D702A153F0000A45185 = {
			isa = PBXGroup;
			children = (
				ADA10D7B2A153F0000A45185 /* MyRideOrDie */,
				ADA10D7A2A153F0000A45185 /* Products */,
			);
			sourceTree = "<group>";
		};
		ADA10D7A2A153F0000A45185 /* Products */ = {
			isa = PBXGroup;
			children = (
				ADA10D792A153F0000A45185 /* MyRideOrDie.app */,
			);
			name = Products;
			sourceTree = "<group>";
		};
		ADA10D7B2A153F0000A45185 /* MyRideOrDie */ = {
			isa = PBXGroup;
			children = (
				AD3EF84F2A16BE9400852217 /* Create */,
				AD3EF84A2A16B4DD00852217 /* Views */,
				AD3EF8452A16B02B00852217 /* Provider */,
				AD0434972A16A18900ADA140 /* Model */,
				ADA10D8B2A153F8C00A45185 /* ContactsDataModel.xcdatamodeld */,
				ADA10D7C2A153F0000A45185 /* MyRideOrDieApp.swift */,
				ADA10D802A153F0100A45185 /* Assets.xcassets */,
				ADA10D822A153F0100A45185 /* MyRideOrDie.entitlements */,
				ADA10D832A153F0100A45185 /* Preview Content */,
			);
			path = MyRideOrDie;
			sourceTree = "<group>";
		};
		ADA10D832A153F0100A45185 /* Preview Content */ = {
			isa = PBXGroup;
			children = (
				ADA10D842A153F0100A45185 /* Preview Assets.xcassets */,
			);
			path = "Preview Content";
			sourceTree = "<group>";
		};
/* End PBXGroup section */

/* Begin PBXNativeTarget section */
		ADA10D782A153F0000A45185 /* MyRideOrDie */ = {
			isa = PBXNativeTarget;
			buildConfigurationList = ADA10D882A153F0100A45185 /* Build configuration list for PBXNativeTarget "MyRideOrDie" */;
			buildPhases = (
				ADA10D752A153F0000A45185 /* Sources */,
				ADA10D762A153F0000A45185 /* Frameworks */,
				ADA10D772A153F0000A45185 /* Resources */,
			);
			buildRules = (
			);
			dependencies = (
			);
			name = MyRideOrDie;
			productName = MyRideOrDie;
			productReference = ADA10D792A153F0000A45185 /* MyRideOrDie.app */;
			productType = "com.apple.product-type.application";
		};
/* End PBXNativeTarget section */

/* Begin PBXProject section */
		ADA10D712A153F0000A45185 /* Project object */ = {
			isa = PBXProject;
			attributes = {
				BuildIndependentTargetsInParallel = 1;
				LastSwiftUpdateCheck = 1430;
				LastUpgradeCheck = 1430;
				TargetAttributes = {
					ADA10D782A153F0000A45185 = {
						CreatedOnToolsVersion = 14.3;
					};
				};
			};
			buildConfigurationList = ADA10D742A153F0000A45185 /* Build configuration list for PBXProject "MyRideOrDie" */;
			compatibilityVersion = "Xcode 14.0";
			developmentRegion = en;
			hasScannedForEncodings = 0;
			knownRegions = (
				en,
				Base,
			);
			mainGroup = ADA10D702A153F0000A45185;
			productRefGroup = ADA10D7A2A153F0000A45185 /* Products */;
			projectDirPath = "";
			projectRoot = "";
			targets = (
				ADA10D782A153F0000A45185 /* MyRideOrDie */,
			);
		};
/* End PBXProject section */

/* Begin PBXResourcesBuildPhase section */
		ADA10D772A153F0000A45185 /* Resources */ = {
			isa = PBXResourcesBuildPhase;
			buildActionMask = 2147483647;
			files = (
				ADA10D852A153F0100A45185 /* Preview Assets.xcassets in Resources */,
				ADA10D812A153F0100A45185 /* Assets.xcassets in Resources */,
			);
			runOnlyForDeploymentPostprocessing = 0;
		};
/* End PBXResourcesBuildPhase section */

/* Begin PBXSourcesBuildPhase section */
		ADA10D752A153F0000A45185 /* Sources */ = {
			isa = PBXSourcesBuildPhase;
			buildActionMask = 2147483647;
			files = (
				AD0434962A16A16A00ADA140 /* Contact.swift in Sources */,
				AD3EF8472A16B03800852217 /* ContactsProvider.swift in Sources */,
				AD3EF84C2A16B50400852217 /* ContactDetailView.swift in Sources */,
				AD3EF8512A16BEA600852217 /* EditContactViewModel.swift in Sources */,
				ADA10D8D2A153F8C00A45185 /* ContactsDataModel.xcdatamodeld in Sources */,
				AD3EF84E2A16BB1300852217 /* CreateContentView.swift in Sources */,
				ADA10D7F2A153F0000A45185 /* ContentView.swift in Sources */,
				AD3EF8492A16B47C00852217 /* ContactRowView.swift in Sources */,
				AD3EF8532A192D6000852217 /* NoContactsView.swift in Sources */,
				ADA10D7D2A153F0000A45185 /* MyRideOrDieApp.swift in Sources */,
			);
			runOnlyForDeploymentPostprocessing = 0;
		};
/* End PBXSourcesBuildPhase section */

/* Begin XCBuildConfiguration section */
		ADA10D862A153F0100A45185 /* Debug */ = {
			isa = XCBuildConfiguration;
			buildSettings = {
				ALWAYS_SEARCH_USER_PATHS = NO;
				CLANG_ANALYZER_NONNULL = YES;
				CLANG_ANALYZER_NUMBER_OBJECT_CONVERSION = YES_AGGRESSIVE;
				CLANG_CXX_LANGUAGE_STANDARD = "gnu++20";
				CLANG_ENABLE_MODULES = YES;
				CLANG_ENABLE_OBJC_ARC = YES;
				CLANG_ENABLE_OBJC_WEAK = YES;
				CLANG_WARN_BLOCK_CAPTURE_AUTORELEASING = YES;
				CLANG_WARN_BOOL_CONVERSION = YES;
				CLANG_WARN_COMMA = YES;
				CLANG_WARN_CONSTANT_CONVERSION = YES;
				CLANG_WARN_DEPRECATED_OBJC_IMPLEMENTATIONS = YES;
				CLANG_WARN_DIRECT_OBJC_ISA_USAGE = YES_ERROR;
				CLANG_WARN_DOCUMENTATION_COMMENTS = YES;
				CLANG_WARN_EMPTY_BODY = YES;
				CLANG_WARN_ENUM_CONVERSION = YES;
				CLANG_WARN_INFINITE_RECURSION = YES;
				CLANG_WARN_INT_CONVERSION = YES;
				CLANG_WARN_NON_LITERAL_NULL_CONVERSION = YES;
				CLANG_WARN_OBJC_IMPLICIT_RETAIN_SELF = YES;
				CLANG_WARN_OBJC_LITERAL_CONVERSION = YES;
				CLANG_WARN_OBJC_ROOT_CLASS = YES_ERROR;
				CLANG_WARN_QUOTED_INCLUDE_IN_FRAMEWORK_HEADER = YES;
				CLANG_WARN_RANGE_LOOP_ANALYSIS = YES;
				CLANG_WARN_STRICT_PROTOTYPES = YES;
				CLANG_WARN_SUSPICIOUS_MOVE = YES;
				CLANG_WARN_UNGUARDED_AVAILABILITY = YES_AGGRESSIVE;
				CLANG_WARN_UNREACHABLE_CODE = YES;
				CLANG_WARN__DUPLICATE_METHOD_MATCH = YES;
				COPY_PHASE_STRIP = NO;
				DEBUG_INFORMATION_FORMAT = dwarf;
				ENABLE_STRICT_OBJC_MSGSEND = YES;
				ENABLE_TESTABILITY = YES;
				GCC_C_LANGUAGE_STANDARD = gnu11;
				GCC_DYNAMIC_NO_PIC = NO;
				GCC_NO_COMMON_BLOCKS = YES;
				GCC_OPTIMIZATION_LEVEL = 0;
				GCC_PREPROCESSOR_DEFINITIONS = (
					"DEBUG=1",
					"$(inherited)",
				);
				GCC_WARN_64_TO_32_BIT_CONVERSION = YES;
				GCC_WARN_ABOUT_RETURN_TYPE = YES_ERROR;
				GCC_WARN_UNDECLARED_SELECTOR = YES;
				GCC_WARN_UNINITIALIZED_AUTOS = YES_AGGRESSIVE;
				GCC_WARN_UNUSED_FUNCTION = YES;
				GCC_WARN_UNUSED_VARIABLE = YES;
				MTL_ENABLE_DEBUG_INFO = INCLUDE_SOURCE;
				MTL_FAST_MATH = YES;
				ONLY_ACTIVE_ARCH = YES;
				SWIFT_ACTIVE_COMPILATION_CONDITIONS = DEBUG;
				SWIFT_OPTIMIZATION_LEVEL = "-Onone";
			};
			name = Debug;
		};
		ADA10D872A153F0100A45185 /* Release */ = {
			isa = XCBuildConfiguration;
			buildSettings = {
				ALWAYS_SEARCH_USER_PATHS = NO;
				CLANG_ANALYZER_NONNULL = YES;
				CLANG_ANALYZER_NUMBER_OBJECT_CONVERSION = YES_AGGRESSIVE;
				CLANG_CXX_LANGUAGE_STANDARD = "gnu++20";
				CLANG_ENABLE_MODULES = YES;
				CLANG_ENABLE_OBJC_ARC = YES;
				CLANG_ENABLE_OBJC_WEAK = YES;
				CLANG_WARN_BLOCK_CAPTURE_AUTORELEASING = YES;
				CLANG_WARN_BOOL_CONVERSION = YES;
				CLANG_WARN_COMMA = YES;
				CLANG_WARN_CONSTANT_CONVERSION = YES;
				CLANG_WARN_DEPRECATED_OBJC_IMPLEMENTATIONS = YES;
				CLANG_WARN_DIRECT_OBJC_ISA_USAGE = YES_ERROR;
				CLANG_WARN_DOCUMENTATION_COMMENTS = YES;
				CLANG_WARN_EMPTY_BODY = YES;
				CLANG_WARN_ENUM_CONVERSION = YES;
				CLANG_WARN_INFINITE_RECURSION = YES;
				CLANG_WARN_INT_CONVERSION = YES;
				CLANG_WARN_NON_LITERAL_NULL_CONVERSION = YES;
				CLANG_WARN_OBJC_IMPLICIT_RETAIN_SELF = YES;
				CLANG_WARN_OBJC_LITERAL_CONVERSION = YES;
				CLANG_WARN_OBJC_ROOT_CLASS = YES_ERROR;
				CLANG_WARN_QUOTED_INCLUDE_IN_FRAMEWORK_HEADER = YES;
				CLANG_WARN_RANGE_LOOP_ANALYSIS = YES;
				CLANG_WARN_STRICT_PROTOTYPES = YES;
				CLANG_WARN_SUSPICIOUS_MOVE = YES;
				CLANG_WARN_UNGUARDED_AVAILABILITY = YES_AGGRESSIVE;
				CLANG_WARN_UNREACHABLE_CODE = YES;
				CLANG_WARN__DUPLICATE_METHOD_MATCH = YES;
				COPY_PHASE_STRIP = NO;
				DEBUG_INFORMATION_FORMAT = "dwarf-with-dsym";
				ENABLE_NS_ASSERTIONS = NO;
				ENABLE_STRICT_OBJC_MSGSEND = YES;
				GCC_C_LANGUAGE_STANDARD = gnu11;
				GCC_NO_COMMON_BLOCKS = YES;
				GCC_WARN_64_TO_32_BIT_CONVERSION = YES;
				GCC_WARN_ABOUT_RETURN_TYPE = YES_ERROR;
				GCC_WARN_UNDECLARED_SELECTOR = YES;
				GCC_WARN_UNINITIALIZED_AUTOS = YES_AGGRESSIVE;
				GCC_WARN_UNUSED_FUNCTION = YES;
				GCC_WARN_UNUSED_VARIABLE = YES;
				MTL_ENABLE_DEBUG_INFO = NO;
				MTL_FAST_MATH = YES;
				SWIFT_COMPILATION_MODE = wholemodule;
				SWIFT_OPTIMIZATION_LEVEL = "-O";
			};
			name = Release;
		};
		ADA10D892A153F0100A45185 /* Debug */ = {
			isa = XCBuildConfiguration;
			buildSettings = {
				ASSETCATALOG_COMPILER_APPICON_NAME = AppIcon;
				ASSETCATALOG_COMPILER_GLOBAL_ACCENT_COLOR_NAME = AccentColor;
				CODE_SIGN_ENTITLEMENTS = MyRideOrDie/MyRideOrDie.entitlements;
				CODE_SIGN_STYLE = Automatic;
				CURRENT_PROJECT_VERSION = 1;
				DEVELOPMENT_ASSET_PATHS = "\"MyRideOrDie/Preview Content\"";
				DEVELOPMENT_TEAM = CF655ESNGC;
				ENABLE_HARDENED_RUNTIME = YES;
				ENABLE_PREVIEWS = YES;
				GENERATE_INFOPLIST_FILE = YES;
				"INFOPLIST_KEY_UIApplicationSceneManifest_Generation[sdk=iphoneos*]" = YES;
				"INFOPLIST_KEY_UIApplicationSceneManifest_Generation[sdk=iphonesimulator*]" = YES;
				"INFOPLIST_KEY_UIApplicationSupportsIndirectInputEvents[sdk=iphoneos*]" = YES;
				"INFOPLIST_KEY_UIApplicationSupportsIndirectInputEvents[sdk=iphonesimulator*]" = YES;
				"INFOPLIST_KEY_UILaunchScreen_Generation[sdk=iphoneos*]" = YES;
				"INFOPLIST_KEY_UILaunchScreen_Generation[sdk=iphonesimulator*]" = YES;
				"INFOPLIST_KEY_UIStatusBarStyle[sdk=iphoneos*]" = UIStatusBarStyleDefault;
				"INFOPLIST_KEY_UIStatusBarStyle[sdk=iphonesimulator*]" = UIStatusBarStyleDefault;
				INFOPLIST_KEY_UISupportedInterfaceOrientations_iPad = "UIInterfaceOrientationPortrait UIInterfaceOrientationPortraitUpsideDown UIInterfaceOrientationLandscapeLeft UIInterfaceOrientationLandscapeRight";
				INFOPLIST_KEY_UISupportedInterfaceOrientations_iPhone = "UIInterfaceOrientationPortrait UIInterfaceOrientationLandscapeLeft UIInterfaceOrientationLandscapeRight";
				IPHONEOS_DEPLOYMENT_TARGET = 16.4;
				LD_RUNPATH_SEARCH_PATHS = "@executable_path/Frameworks";
				"LD_RUNPATH_SEARCH_PATHS[sdk=macosx*]" = "@executable_path/../Frameworks";
				MACOSX_DEPLOYMENT_TARGET = 13.3;
				MARKETING_VERSION = 1.0;
				PRODUCT_BUNDLE_IDENTIFIER = com.baralabs.MyRideOrDie;
				PRODUCT_NAME = "$(TARGET_NAME)";
				SDKROOT = auto;
				SUPPORTED_PLATFORMS = "iphoneos iphonesimulator macosx";
				SWIFT_EMIT_LOC_STRINGS = YES;
				SWIFT_VERSION = 5.0;
				TARGETED_DEVICE_FAMILY = "1,2";
			};
			name = Debug;
		};
		ADA10D8A2A153F0100A45185 /* Release */ = {
			isa = XCBuildConfiguration;
			buildSettings = {
				ASSETCATALOG_COMPILER_APPICON_NAME = AppIcon;
				ASSETCATALOG_COMPILER_GLOBAL_ACCENT_COLOR_NAME = AccentColor;
				CODE_SIGN_ENTITLEMENTS = MyRideOrDie/MyRideOrDie.entitlements;
				CODE_SIGN_STYLE = Automatic;
				CURRENT_PROJECT_VERSION = 1;
				DEVELOPMENT_ASSET_PATHS = "\"MyRideOrDie/Preview Content\"";
				DEVELOPMENT_TEAM = CF655ESNGC;
				ENABLE_HARDENED_RUNTIME = YES;
				ENABLE_PREVIEWS = YES;
				GENERATE_INFOPLIST_FILE = YES;
				"INFOPLIST_KEY_UIApplicationSceneManifest_Generation[sdk=iphoneos*]" = YES;
				"INFOPLIST_KEY_UIApplicationSceneManifest_Generation[sdk=iphonesimulator*]" = YES;
				"INFOPLIST_KEY_UIApplicationSupportsIndirectInputEvents[sdk=iphoneos*]" = YES;
				"INFOPLIST_KEY_UIApplicationSupportsIndirectInputEvents[sdk=iphonesimulator*]" = YES;
				"INFOPLIST_KEY_UILaunchScreen_Generation[sdk=iphoneos*]" = YES;
				"INFOPLIST_KEY_UILaunchScreen_Generation[sdk=iphonesimulator*]" = YES;
				"INFOPLIST_KEY_UIStatusBarStyle[sdk=iphoneos*]" = UIStatusBarStyleDefault;
				"INFOPLIST_KEY_UIStatusBarStyle[sdk=iphonesimulator*]" = UIStatusBarStyleDefault;
				INFOPLIST_KEY_UISupportedInterfaceOrientations_iPad = "UIInterfaceOrientationPortrait UIInterfaceOrientationPortraitUpsideDown UIInterfaceOrientationLandscapeLeft UIInterfaceOrientationLandscapeRight";
				INFOPLIST_KEY_UISupportedInterfaceOrientations_iPhone = "UIInterfaceOrientationPortrait UIInterfaceOrientationLandscapeLeft UIInterfaceOrientationLandscapeRight";
				IPHONEOS_DEPLOYMENT_TARGET = 16.4;
				LD_RUNPATH_SEARCH_PATHS = "@executable_path/Frameworks";
				"LD_RUNPATH_SEARCH_PATHS[sdk=macosx*]" = "@executable_path/../Frameworks";
				MACOSX_DEPLOYMENT_TARGET = 13.3;
				MARKETING_VERSION = 1.0;
				PRODUCT_BUNDLE_IDENTIFIER = com.baralabs.MyRideOrDie;
				PRODUCT_NAME = "$(TARGET_NAME)";
				SDKROOT = auto;
				SUPPORTED_PLATFORMS = "iphoneos iphonesimulator macosx";
				SWIFT_EMIT_LOC_STRINGS = YES;
				SWIFT_VERSION = 5.0;
				TARGETED_DEVICE_FAMILY = "1,2";
			};
			name = Release;
		};
/* End XCBuildConfiguration section */

/* Begin XCConfigurationList section */
		ADA10D742A153F0000A45185 /* Build configuration list for PBXProject "MyRideOrDie" */ = {
			isa = XCConfigurationList;
			buildConfigurations = (
				ADA10D862A153F0100A45185 /* Debug */,
				ADA10D872A153F0100A45185 /* Release */,
			);
			defaultConfigurationIsVisible = 0;
			defaultConfigurationName = Release;
		};
		ADA10D882A153F0100A45185 /* Build configuration list for PBXNativeTarget "MyRideOrDie" */ = {
			isa = XCConfigurationList;
			buildConfigurations = (
				ADA10D892A153F0100A45185 /* Debug */,
				ADA10D8A2A153F0100A45185 /* Release */,
			);
			defaultConfigurationIsVisible = 0;
			defaultConfigurationName = Release;
		};
/* End XCConfigurationList section */

/* Begin XCVersionGroup section */
		ADA10D8B2A153F8C00A45185 /* ContactsDataModel.xcdatamodeld */ = {
			isa = XCVersionGroup;
			children = (
				ADA10D8C2A153F8C00A45185 /* ContactsDataModel.xcdatamodel */,
			);
			currentVersion = ADA10D8C2A153F8C00A45185 /* ContactsDataModel.xcdatamodel */;
			path = ContactsDataModel.xcdatamodeld;
			sourceTree = "<group>";
			versionGroupType = wrapper.xcdatamodel;
		};
/* End XCVersionGroup section */
	};
	rootObject = ADA10D712A153F0000A45185 /* Project object */;
}
